
Microsoft Visual Studio Solution File, Format Version 12.00
# Visual Studio Version 17
VisualStudioVersion = 17.1.32210.238
MinimumVisualStudioVersion = 10.0.40219.1
Project("{FAE04EC0-301F-11D3-BF4B-00C04F79EFBC}") = "2.2", "2.2\2.2.csproj", "{6649EFDE-264A-4383-B745-892D23B7B24E}"
EndProject
Project("{9A19103F-16F7-4668-BE54-9A1E7A4F7556}") = "1.3", "1.3\1.3.csproj", "{CA594B61-4AA9-422F-B17E-BE4E80FB4955}"
EndProject
Global
	GlobalSection(SolutionConfigurationPlatforms) = preSolution
		Debug|Any CPU = Debug|Any CPU
		Release|Any CPU = Release|Any CPU
	EndGlobalSection
	GlobalSection(ProjectConfigurationPlatforms) = postSolution
		{6649EFDE-264A-4383-B745-892D23B7B24E}.Debug|Any CPU.ActiveCfg = Debug|Any CPU
		{6649EFDE-264A-4383-B745-892D23B7B24E}.Debug|Any CPU.Build.0 = Debug|Any CPU
		{6649EFDE-264A-4383-B745-892D23B7B24E}.Release|Any CPU.ActiveCfg = Release|Any CPU
		{6649EFDE-264A-4383-B745-892D23B7B24E}.Release|Any CPU.Build.0 = Release|Any CPU
		{CA594B61-4AA9-422F-B17E-BE4E80FB4955}.Debug|Any CPU.ActiveCfg = Debug|Any CPU
		{CA594B61-4AA9-422F-B17E-BE4E80FB4955}.Debug|Any CPU.Build.0 = Debug|Any CPU
		{CA594B61-4AA9-422F-B17E-BE4E80FB4955}.Release|Any CPU.ActiveCfg = Release|Any CPU
		{CA594B61-4AA9-422F-B17E-BE4E80FB4955}.Release|Any CPU.Build.0 = Release|Any CPU
	EndGlobalSection
	GlobalSection(SolutionProperties) = preSolution
		HideSolutionNode = FALSE
	EndGlobalSection
	GlobalSection(ExtensibilityGlobals) = postSolution
		SolutionGuid = {601EE2F6-93D4-44AC-821C-F8DED51DDAAC}
	EndGlobalSection
EndGlobal
